Microsoft Visual Studio Solution File, Format Version 12.00
# Visual Studio Version 17
VisualStudioVersion = 17.5.2.0
MinimumVisualStudioVersion = 10.0.40219.1
Project("{FAE04EC0-301F-11D3-BF4B-00C04F79EFBC}") = "Authentication.API", "API\Authentication.API.csproj", "{5C2D3A22-B6F2-2BAE-B546-31EC9B524F50}"
EndProject
Project("{FAE04EC0-301F-11D3-BF4B-00C04F79EFBC}") = "Authentication.Models", "Models\Authentication.Models.csproj", "{A1B2C3D4-E5F6-7890-1234-56789ABCDEF0}"
EndProject
Project("{FAE04EC0-301F-11D3-BF4B-00C04F79EFBC}") = "Authentication.DataAccess", "DataAccess\Authentication.DataAccess.csproj", "{B2C3D4E5-F6A1-8901-2345-6789ABCDEF01}"
EndProject
Global
	GlobalSection(SolutionConfigurationPlatforms) = preSolution
		Debug|Any CPU = Debug|Any CPU
		Release|Any CPU = Release|Any CPU
	EndGlobalSection
	GlobalSection(ProjectConfigurationPlatforms) = postSolution
		{5C2D3A22-B6F2-2BAE-B546-31EC9B524F50}.Debug|Any CPU.ActiveCfg = Debug|Any CPU
		{5C2D3A22-B6F2-2BAE-B546-31EC9B524F50}.Debug|Any CPU.Build.0 = Debug|Any CPU
		{5C2D3A22-B6F2-2BAE-B546-31EC9B524F50}.Release|Any CPU.ActiveCfg = Release|Any CPU
		{5C2D3A22-B6F2-2BAE-B546-31EC9B524F50}.Release|Any CPU.Build.0 = Release|Any CPU
		{A1B2C3D4-E5F6-7890-1234-56789ABCDEF0}.Debug|Any CPU.ActiveCfg = Debug|Any CPU
		{A1B2C3D4-E5F6-7890-1234-56789ABCDEF0}.Debug|Any CPU.Build.0 = Debug|Any CPU
		{A1B2C3D4-E5F6-7890-1234-56789ABCDEF0}.Release|Any CPU.ActiveCfg = Release|Any CPU
		{A1B2C3D4-E5F6-7890-1234-56789ABCDEF0}.Release|Any CPU.Build.0 = Release|Any CPU
		{B2C3D4E5-F6A1-8901-2345-6789ABCDEF01}.Debug|Any CPU.ActiveCfg = Debug|Any CPU
		{B2C3D4E5-F6A1-8901-2345-6789ABCDEF01}.Debug|Any CPU.Build.0 = Debug|Any CPU
		{B2C3D4E5-F6A1-8901-2345-6789ABCDEF01}.Release|Any CPU.ActiveCfg = Release|Any CPU
		{B2C3D4E5-F6A1-8901-2345-6789ABCDEF01}.Release|Any CPU.Build.0 = Release|Any CPU
	EndGlobalSection
	GlobalSection(SolutionProperties) = preSolution
		HideSolutionNode = FALSE
	EndGlobalSection
	GlobalSection(ExtensibilityGlobals) = postSolution
		SolutionGuid = {11151D53-4D9B-4B8D-9DCD-238E1183E5E6}
	EndGlobalSection
EndGlobal
